// !$*UTF8*$!
{
	archiveVersion = 1;
	classes = {
	};
	objectVersion = 56;
	objects = {

/* Begin PBXBuildFile section */
		5809E32D2B03AB3300DB0C78 /* Constants.swift in Sources */ = {isa = PBXBuildFile; fileRef = 5809E32C2B03AB3300DB0C78 /* Constants.swift */; };
		5809E3312B03C14A00DB0C78 /* CopyPromptView.swift in Sources */ = {isa = PBXBuildFile; fileRef = 5809E3302B03C14A00DB0C78 /* CopyPromptView.swift */; };
		585402B82B0217F600306C10 /* LLMNetworkService.swift in Sources */ = {isa = PBXBuildFile; fileRef = 585402B72B0217F600306C10 /* LLMNetworkService.swift */; };
		585402BA2B02187E00306C10 /* LocalConfiguration.swift in Sources */ = {isa = PBXBuildFile; fileRef = 585402B92B02187E00306C10 /* LocalConfiguration.swift */; };
		585402BC2B021B4400306C10 /* App Error.swift in Sources */ = {isa = PBXBuildFile; fileRef = 585402BB2B021B4400306C10 /* App Error.swift */; };
		585402C12B021C1100306C10 /* OpenAPIResponse.swift in Sources */ = {isa = PBXBuildFile; fileRef = 585402C02B021C1100306C10 /* OpenAPIResponse.swift */; };
		585402CD2B02375400306C10 /* TitleAndTextInputView.swift in Sources */ = {isa = PBXBuildFile; fileRef = 585402CC2B02375400306C10 /* TitleAndTextInputView.swift */; };
		585402D02B0237F300306C10 /* View+.swift in Sources */ = {isa = PBXBuildFile; fileRef = 585402CF2B0237F300306C10 /* View+.swift */; };
		585402D22B0238EC00306C10 /* Localizable.strings in Resources */ = {isa = PBXBuildFile; fileRef = 585402D12B0238EC00306C10 /* Localizable.strings */; };
		585402D52B02392E00306C10 /* PrimaryButtonStyle.swift in Sources */ = {isa = PBXBuildFile; fileRef = 585402D42B02392E00306C10 /* PrimaryButtonStyle.swift */; };
		585402D72B023C2500306C10 /* FeedbackView.swift in Sources */ = {isa = PBXBuildFile; fileRef = 585402D62B023C2500306C10 /* FeedbackView.swift */; };
		586590CC2AFD2E2C0037D1FE /* UXLLMApp.swift in Sources */ = {isa = PBXBuildFile; fileRef = 586590CB2AFD2E2C0037D1FE /* UXLLMApp.swift */; };
		586590CE2AFD2E2C0037D1FE /* ContentView.swift in Sources */ = {isa = PBXBuildFile; fileRef = 586590CD2AFD2E2C0037D1FE /* ContentView.swift */; };
		586590D02AFD2E2D0037D1FE /* Assets.xcassets in Resources */ = {isa = PBXBuildFile; fileRef = 586590CF2AFD2E2D0037D1FE /* Assets.xcassets */; };
		586590D32AFD2E2D0037D1FE /* Preview Assets.xcassets in Resources */ = {isa = PBXBuildFile; fileRef = 586590D22AFD2E2D0037D1FE /* Preview Assets.xcassets */; };
		58B3DA432B023F650025A0CD /* PromptGenerator.swift in Sources */ = {isa = PBXBuildFile; fileRef = 58B3DA422B023F650025A0CD /* PromptGenerator.swift */; };
		58B3DA452B0244350025A0CD /* ImageDropArea.swift in Sources */ = {isa = PBXBuildFile; fileRef = 58B3DA442B0244350025A0CD /* ImageDropArea.swift */; };
		58B3DA472B0254030025A0CD /* String+.swift in Sources */ = {isa = PBXBuildFile; fileRef = 58B3DA462B0254030025A0CD /* String+.swift */; };
		58B4CE1E2B04C8CD004AB6F2 /* TinyPNGNetworkService.swift in Sources */ = {isa = PBXBuildFile; fileRef = 58B4CE1D2B04C8CD004AB6F2 /* TinyPNGNetworkService.swift */; };
		58B4CE202B04D819004AB6F2 /* Data+.swift in Sources */ = {isa = PBXBuildFile; fileRef = 58B4CE1F2B04D819004AB6F2 /* Data+.swift */; };
		58B4CE222B04E272004AB6F2 /* ModelChoosingView.swift in Sources */ = {isa = PBXBuildFile; fileRef = 58B4CE212B04E272004AB6F2 /* ModelChoosingView.swift */; };
/* End PBXBuildFile section */

/* Begin PBXFileReference section */
		5809E32C2B03AB3300DB0C78 /* Constants.swift */ = {isa = PBXFileReference; lastKnownFileType = sourcecode.swift; path = Constants.swift; sourceTree = "<group>"; };
		5809E3302B03C14A00DB0C78 /* CopyPromptView.swift */ = {isa = PBXFileReference; lastKnownFileType = sourcecode.swift; path = CopyPromptView.swift; sourceTree = "<group>"; };
		585402B72B0217F600306C10 /* LLMNetworkService.swift */ = {isa = PBXFileReference; lastKnownFileType = sourcecode.swift; path = LLMNetworkService.swift; sourceTree = "<group>"; };
		585402B92B02187E00306C10 /* LocalConfiguration.swift */ = {isa = PBXFileReference; lastKnownFileType = sourcecode.swift; path = LocalConfiguration.swift; sourceTree = "<group>"; };
		585402BB2B021B4400306C10 /* App Error.swift */ = {isa = PBXFileReference; lastKnownFileType = sourcecode.swift; path = "App Error.swift"; sourceTree = "<group>"; };
		585402C02B021C1100306C10 /* OpenAPIResponse.swift */ = {isa = PBXFileReference; lastKnownFileType = sourcecode.swift; path = OpenAPIResponse.swift; sourceTree = "<group>"; };
		585402CC2B02375400306C10 /* TitleAndTextInputView.swift */ = {isa = PBXFileReference; lastKnownFileType = sourcecode.swift; path = TitleAndTextInputView.swift; sourceTree = "<group>"; };
		585402CF2B0237F300306C10 /* View+.swift */ = {isa = PBXFileReference; lastKnownFileType = sourcecode.swift; path = "View+.swift"; sourceTree = "<group>"; };
		585402D12B0238EC00306C10 /* Localizable.strings */ = {isa = PBXFileReference; lastKnownFileType = text.plist.strings; path = Localizable.strings; sourceTree = "<group>"; };
		585402D42B02392E00306C10 /* PrimaryButtonStyle.swift */ = {isa = PBXFileReference; lastKnownFileType = sourcecode.swift; path = PrimaryButtonStyle.swift; sourceTree = "<group>"; };
		585402D62B023C2500306C10 /* FeedbackView.swift */ = {isa = PBXFileReference; lastKnownFileType = sourcecode.swift; path = FeedbackView.swift; sourceTree = "<group>"; };
		586590C82AFD2E2C0037D1FE /* UXLLM.app */ = {isa = PBXFileReference; explicitFileType = wrapper.application; includeInIndex = 0; path = UXLLM.app; sourceTree = BUILT_PRODUCTS_DIR; };
		586590CB2AFD2E2C0037D1FE /* UXLLMApp.swift */ = {isa = PBXFileReference; lastKnownFileType = sourcecode.swift; path = UXLLMApp.swift; sourceTree = "<group>"; };
		586590CD2AFD2E2C0037D1FE /* ContentView.swift */ = {isa = PBXFileReference; lastKnownFileType = sourcecode.swift; path = ContentView.swift; sourceTree = "<group>"; };
		586590CF2AFD2E2D0037D1FE /* Assets.xcassets */ = {isa = PBXFileReference; lastKnownFileType = folder.assetcatalog; path = Assets.xcassets; sourceTree = "<group>"; };
		586590D22AFD2E2D0037D1FE /* Preview Assets.xcassets */ = {isa = PBXFileReference; lastKnownFileType = folder.assetcatalog; path = "Preview Assets.xcassets"; sourceTree = "<group>"; };
		586590D42AFD2E2D0037D1FE /* UXLLM.entitlements */ = {isa = PBXFileReference; lastKnownFileType = text.plist.entitlements; path = UXLLM.entitlements; sourceTree = "<group>"; };
		58B3DA422B023F650025A0CD /* PromptGenerator.swift */ = {isa = PBXFileReference; lastKnownFileType = sourcecode.swift; path = PromptGenerator.swift; sourceTree = "<group>"; };
		58B3DA442B0244350025A0CD /* ImageDropArea.swift */ = {isa = PBXFileReference; lastKnownFileType = sourcecode.swift; path = ImageDropArea.swift; sourceTree = "<group>"; };
		58B3DA462B0254030025A0CD /* String+.swift */ = {isa = PBXFileReference; lastKnownFileType = sourcecode.swift; path = "String+.swift"; sourceTree = "<group>"; };
		58B4CE1D2B04C8CD004AB6F2 /* TinyPNGNetworkService.swift */ = {isa = PBXFileReference; lastKnownFileType = sourcecode.swift; path = TinyPNGNetworkService.swift; sourceTree = "<group>"; };
		58B4CE1F2B04D819004AB6F2 /* Data+.swift */ = {isa = PBXFileReference; lastKnownFileType = sourcecode.swift; path = "Data+.swift"; sourceTree = "<group>"; };
		58B4CE212B04E272004AB6F2 /* ModelChoosingView.swift */ = {isa = PBXFileReference; lastKnownFileType = sourcecode.swift; path = ModelChoosingView.swift; sourceTree = "<group>"; };
/* End PBXFileReference section */

/* Begin PBXFrameworksBuildPhase section */
		586590C52AFD2E2C0037D1FE /* Frameworks */ = {
			isa = PBXFrameworksBuildPhase;
			buildActionMask = 2147483647;
			files = (
			);
			runOnlyForDeploymentPostprocessing = 0;
		};
/* End PBXFrameworksBuildPhase section */

/* Begin PBXGroup section */
		585402BD2B021BE600306C10 /* Networking */ = {
			isa = PBXGroup;
			children = (
				585402B72B0217F600306C10 /* LLMNetworkService.swift */,
				58B4CE1D2B04C8CD004AB6F2 /* TinyPNGNetworkService.swift */,
			);
			path = Networking;
			sourceTree = "<group>";
		};
		585402BE2B021BEC00306C10 /* Tool */ = {
			isa = PBXGroup;
			children = (
				585402BD2B021BE600306C10 /* Networking */,
				58B3DA422B023F650025A0CD /* PromptGenerator.swift */,
			);
			path = Tool;
			sourceTree = "<group>";
		};
		585402C22B02366300306C10 /* Ressources */ = {
			isa = PBXGroup;
			children = (
				585402B92B02187E00306C10 /* LocalConfiguration.swift */,
				5809E32C2B03AB3300DB0C78 /* Constants.swift */,
				586590CF2AFD2E2D0037D1FE /* Assets.xcassets */,
				586590D42AFD2E2D0037D1FE /* UXLLM.entitlements */,
				585402D12B0238EC00306C10 /* Localizable.strings */,
			);
			path = Ressources;
			sourceTree = "<group>";
		};
		585402C32B02367300306C10 /* Common */ = {
			isa = PBXGroup;
			children = (
				585402D32B02392500306C10 /* Button */,
				585402CC2B02375400306C10 /* TitleAndTextInputView.swift */,
				5809E3302B03C14A00DB0C78 /* CopyPromptView.swift */,
			);
			path = Common;
			sourceTree = "<group>";
		};
		585402C42B02367B00306C10 /* Views */ = {
			isa = PBXGroup;
			children = (
				586590CD2AFD2E2C0037D1FE /* ContentView.swift */,
				585402D62B023C2500306C10 /* FeedbackView.swift */,
				58B4CE212B04E272004AB6F2 /* ModelChoosingView.swift */,
				58B3DA442B0244350025A0CD /* ImageDropArea.swift */,
			);
			path = Views;
			sourceTree = "<group>";
		};
		585402CE2B0237E700306C10 /* Extensions */ = {
			isa = PBXGroup;
			children = (
				585402CF2B0237F300306C10 /* View+.swift */,
				58B4CE1F2B04D819004AB6F2 /* Data+.swift */,
				58B3DA462B0254030025A0CD /* String+.swift */,
			);
			path = Extensions;
			sourceTree = "<group>";
		};
		585402D32B02392500306C10 /* Button */ = {
			isa = PBXGroup;
			children = (
				585402D42B02392E00306C10 /* PrimaryButtonStyle.swift */,
			);
			path = Button;
			sourceTree = "<group>";
		};
		586590BF2AFD2E2C0037D1FE = {
			isa = PBXGroup;
			children = (
				586590CA2AFD2E2C0037D1FE /* UXLLM */,
				586590C92AFD2E2C0037D1FE /* Products */,
			);
			sourceTree = "<group>";
		};
		586590C92AFD2E2C0037D1FE /* Products */ = {
			isa = PBXGroup;
			children = (
				586590C82AFD2E2C0037D1FE /* UXLLM.app */,
			);
			name = Products;
			sourceTree = "<group>";
		};
		586590CA2AFD2E2C0037D1FE /* UXLLM */ = {
			isa = PBXGroup;
			children = (
				586590CB2AFD2E2C0037D1FE /* UXLLMApp.swift */,
				585402C42B02367B00306C10 /* Views */,
				5879F1362B2897BE00961544 /* Model */,
				585402BE2B021BEC00306C10 /* Tool */,
				585402C32B02367300306C10 /* Common */,
				585402CE2B0237E700306C10 /* Extensions */,
				585402C22B02366300306C10 /* Ressources */,
				586590D12AFD2E2D0037D1FE /* Preview Content */,
			);
			path = UXLLM;
			sourceTree = "<group>";
		};
		586590D12AFD2E2D0037D1FE /* Preview Content */ = {
			isa = PBXGroup;
			children = (
				586590D22AFD2E2D0037D1FE /* Preview Assets.xcassets */,
			);
			path = "Preview Content";
			sourceTree = "<group>";
		};
		5879F1362B2897BE00961544 /* Model */ = {
			isa = PBXGroup;
			children = (
				585402BB2B021B4400306C10 /* App Error.swift */,
				585402C02B021C1100306C10 /* OpenAPIResponse.swift */,
			);
			path = Model;
			sourceTree = "<group>";
		};
/* End PBXGroup section */

/* Begin PBXNativeTarget section */
		586590C72AFD2E2C0037D1FE /* UXLLM */ = {
			isa = PBXNativeTarget;
			buildConfigurationList = 586590D72AFD2E2D0037D1FE /* Build configuration list for PBXNativeTarget "UXLLM" */;
			buildPhases = (
				586590C42AFD2E2C0037D1FE /* Sources */,
				586590C52AFD2E2C0037D1FE /* Frameworks */,
				586590C62AFD2E2C0037D1FE /* Resources */,
			);
			buildRules = (
			);
			dependencies = (
			);
			name = UXLLM;
			productName = UXLLM;
			productReference = 586590C82AFD2E2C0037D1FE /* UXLLM.app */;
			productType = "com.apple.product-type.application";
		};
/* End PBXNativeTarget section */

/* Begin PBXProject section */
		586590C02AFD2E2C0037D1FE /* Project object */ = {
			isa = PBXProject;
			attributes = {
				BuildIndependentTargetsInParallel = 1;
				LastSwiftUpdateCheck = 1500;
				LastUpgradeCheck = 1500;
				TargetAttributes = {
					586590C72AFD2E2C0037D1FE = {
						CreatedOnToolsVersion = 15.0;
					};
				};
			};
			buildConfigurationList = 586590C32AFD2E2C0037D1FE /* Build configuration list for PBXProject "UXLLM" */;
			compatibilityVersion = "Xcode 14.0";
			developmentRegion = en;
			hasScannedForEncodings = 0;
			knownRegions = (
				en,
				Base,
			);
			mainGroup = 586590BF2AFD2E2C0037D1FE;
			productRefGroup = 586590C92AFD2E2C0037D1FE /* Products */;
			projectDirPath = "";
			projectRoot = "";
			targets = (
				586590C72AFD2E2C0037D1FE /* UXLLM */,
			);
		};
/* End PBXProject section */

/* Begin PBXResourcesBuildPhase section */
		586590C62AFD2E2C0037D1FE /* Resources */ = {
			isa = PBXResourcesBuildPhase;
			buildActionMask = 2147483647;
			files = (
				586590D32AFD2E2D0037D1FE /* Preview Assets.xcassets in Resources */,
				585402D22B0238EC00306C10 /* Localizable.strings in Resources */,
				586590D02AFD2E2D0037D1FE /* Assets.xcassets in Resources */,
			);
			runOnlyForDeploymentPostprocessing = 0;
		};
/* End PBXResourcesBuildPhase section */

/* Begin PBXSourcesBuildPhase section */
		586590C42AFD2E2C0037D1FE /* Sources */ = {
			isa = PBXSourcesBuildPhase;
			buildActionMask = 2147483647;
			files = (
				58B4CE1E2B04C8CD004AB6F2 /* TinyPNGNetworkService.swift in Sources */,
				58B3DA432B023F650025A0CD /* PromptGenerator.swift in Sources */,
				585402D52B02392E00306C10 /* PrimaryButtonStyle.swift in Sources */,
				585402D72B023C2500306C10 /* FeedbackView.swift in Sources */,
				586590CE2AFD2E2C0037D1FE /* ContentView.swift in Sources */,
				585402C12B021C1100306C10 /* OpenAPIResponse.swift in Sources */,
				5809E32D2B03AB3300DB0C78 /* Constants.swift in Sources */,
				585402BC2B021B4400306C10 /* App Error.swift in Sources */,
				5809E3312B03C14A00DB0C78 /* CopyPromptView.swift in Sources */,
				58B4CE202B04D819004AB6F2 /* Data+.swift in Sources */,
				585402BA2B02187E00306C10 /* LocalConfiguration.swift in Sources */,
				585402D02B0237F300306C10 /* View+.swift in Sources */,
				585402B82B0217F600306C10 /* LLMNetworkService.swift in Sources */,
				586590CC2AFD2E2C0037D1FE /* UXLLMApp.swift in Sources */,
				58B4CE222B04E272004AB6F2 /* ModelChoosingView.swift in Sources */,
				58B3DA472B0254030025A0CD /* String+.swift in Sources */,
				585402CD2B02375400306C10 /* TitleAndTextInputView.swift in Sources */,
				58B3DA452B0244350025A0CD /* ImageDropArea.swift in Sources */,
			);
			runOnlyForDeploymentPostprocessing = 0;
		};
/* End PBXSourcesBuildPhase section */

/* Begin XCBuildConfiguration section */
		586590D52AFD2E2D0037D1FE /* Debug */ = {
			isa = XCBuildConfiguration;
			buildSettings = {
				ALWAYS_SEARCH_USER_PATHS = NO;
				ASSETCATALOG_COMPILER_GENERATE_SWIFT_ASSET_SYMBOL_EXTENSIONS = YES;
				CLANG_ANALYZER_NONNULL = YES;
				CLANG_ANALYZER_NUMBER_OBJECT_CONVERSION = YES_AGGRESSIVE;
				CLANG_CXX_LANGUAGE_STANDARD = "gnu++20";
				CLANG_ENABLE_MODULES = YES;
				CLANG_ENABLE_OBJC_ARC = YES;
				CLANG_ENABLE_OBJC_WEAK = YES;
				CLANG_WARN_BLOCK_CAPTURE_AUTORELEASING = YES;
				CLANG_WARN_BOOL_CONVERSION = YES;
				CLANG_WARN_COMMA = YES;
				CLANG_WARN_CONSTANT_CONVERSION = YES;
				CLANG_WARN_DEPRECATED_OBJC_IMPLEMENTATIONS = YES;
				CLANG_WARN_DIRECT_OBJC_ISA_USAGE = YES_ERROR;
				CLANG_WARN_DOCUMENTATION_COMMENTS = YES;
				CLANG_WARN_EMPTY_BODY = YES;
				CLANG_WARN_ENUM_CONVERSION = YES;
				CLANG_WARN_INFINITE_RECURSION = YES;
				CLANG_WARN_INT_CONVERSION = YES;
				CLANG_WARN_NON_LITERAL_NULL_CONVERSION = YES;
				CLANG_WARN_OBJC_IMPLICIT_RETAIN_SELF = YES;
				CLANG_WARN_OBJC_LITERAL_CONVERSION = YES;
				CLANG_WARN_OBJC_ROOT_CLASS = YES_ERROR;
				CLANG_WARN_QUOTED_INCLUDE_IN_FRAMEWORK_HEADER = YES;
				CLANG_WARN_RANGE_LOOP_ANALYSIS = YES;
				CLANG_WARN_STRICT_PROTOTYPES = YES;
				CLANG_WARN_SUSPICIOUS_MOVE = YES;
				CLANG_WARN_UNGUARDED_AVAILABILITY = YES_AGGRESSIVE;
				CLANG_WARN_UNREACHABLE_CODE = YES;
				CLANG_WARN__DUPLICATE_METHOD_MATCH = YES;
				COPY_PHASE_STRIP = NO;
				DEBUG_INFORMATION_FORMAT = dwarf;
				ENABLE_STRICT_OBJC_MSGSEND = YES;
				ENABLE_TESTABILITY = YES;
				ENABLE_USER_SCRIPT_SANDBOXING = YES;
				GCC_C_LANGUAGE_STANDARD = gnu17;
				GCC_DYNAMIC_NO_PIC = NO;
				GCC_NO_COMMON_BLOCKS = YES;
				GCC_OPTIMIZATION_LEVEL = 0;
				GCC_PREPROCESSOR_DEFINITIONS = (
					"DEBUG=1",
					"$(inherited)",
				);
				GCC_WARN_64_TO_32_BIT_CONVERSION = YES;
				GCC_WARN_ABOUT_RETURN_TYPE = YES_ERROR;
				GCC_WARN_UNDECLARED_SELECTOR = YES;
				GCC_WARN_UNINITIALIZED_AUTOS = YES_AGGRESSIVE;
				GCC_WARN_UNUSED_FUNCTION = YES;
				GCC_WARN_UNUSED_VARIABLE = YES;
				LOCALIZATION_PREFERS_STRING_CATALOGS = YES;
				MACOSX_DEPLOYMENT_TARGET = 14.0;
				MTL_ENABLE_DEBUG_INFO = INCLUDE_SOURCE;
				MTL_FAST_MATH = YES;
				ONLY_ACTIVE_ARCH = YES;
				SDKROOT = macosx;
				SWIFT_ACTIVE_COMPILATION_CONDITIONS = "DEBUG $(inherited)";
				SWIFT_OPTIMIZATION_LEVEL = "-Onone";
			};
			name = Debug;
		};
		586590D62AFD2E2D0037D1FE /* Release */ = {
			isa = XCBuildConfiguration;
			buildSettings = {
				ALWAYS_SEARCH_USER_PATHS = NO;
				ASSETCATALOG_COMPILER_GENERATE_SWIFT_ASSET_SYMBOL_EXTENSIONS = YES;
				CLANG_ANALYZER_NONNULL = YES;
				CLANG_ANALYZER_NUMBER_OBJECT_CONVERSION = YES_AGGRESSIVE;
				CLANG_CXX_LANGUAGE_STANDARD = "gnu++20";
				CLANG_ENABLE_MODULES = YES;
				CLANG_ENABLE_OBJC_ARC = YES;
				CLANG_ENABLE_OBJC_WEAK = YES;
				CLANG_WARN_BLOCK_CAPTURE_AUTORELEASING = YES;
				CLANG_WARN_BOOL_CONVERSION = YES;
				CLANG_WARN_COMMA = YES;
				CLANG_WARN_CONSTANT_CONVERSION = YES;
				CLANG_WARN_DEPRECATED_OBJC_IMPLEMENTATIONS = YES;
				CLANG_WARN_DIRECT_OBJC_ISA_USAGE = YES_ERROR;
				CLANG_WARN_DOCUMENTATION_COMMENTS = YES;
				CLANG_WARN_EMPTY_BODY = YES;
				CLANG_WARN_ENUM_CONVERSION = YES;
				CLANG_WARN_INFINITE_RECURSION = YES;
				CLANG_WARN_INT_CONVERSION = YES;
				CLANG_WARN_NON_LITERAL_NULL_CONVERSION = YES;
				CLANG_WARN_OBJC_IMPLICIT_RETAIN_SELF = YES;
				CLANG_WARN_OBJC_LITERAL_CONVERSION = YES;
				CLANG_WARN_OBJC_ROOT_CLASS = YES_ERROR;
				CLANG_WARN_QUOTED_INCLUDE_IN_FRAMEWORK_HEADER = YES;
				CLANG_WARN_RANGE_LOOP_ANALYSIS = YES;
				CLANG_WARN_STRICT_PROTOTYPES = YES;
				CLANG_WARN_SUSPICIOUS_MOVE = YES;
				CLANG_WARN_UNGUARDED_AVAILABILITY = YES_AGGRESSIVE;
				CLANG_WARN_UNREACHABLE_CODE = YES;
				CLANG_WARN__DUPLICATE_METHOD_MATCH = YES;
				COPY_PHASE_STRIP = NO;
				DEBUG_INFORMATION_FORMAT = "dwarf-with-dsym";
				ENABLE_NS_ASSERTIONS = NO;
				ENABLE_STRICT_OBJC_MSGSEND = YES;
				ENABLE_USER_SCRIPT_SANDBOXING = YES;
				GCC_C_LANGUAGE_STANDARD = gnu17;
				GCC_NO_COMMON_BLOCKS = YES;
				GCC_WARN_64_TO_32_BIT_CONVERSION = YES;
				GCC_WARN_ABOUT_RETURN_TYPE = YES_ERROR;
				GCC_WARN_UNDECLARED_SELECTOR = YES;
				GCC_WARN_UNINITIALIZED_AUTOS = YES_AGGRESSIVE;
				GCC_WARN_UNUSED_FUNCTION = YES;
				GCC_WARN_UNUSED_VARIABLE = YES;
				LOCALIZATION_PREFERS_STRING_CATALOGS = YES;
				MACOSX_DEPLOYMENT_TARGET = 14.0;
				MTL_ENABLE_DEBUG_INFO = NO;
				MTL_FAST_MATH = YES;
				SDKROOT = macosx;
				SWIFT_COMPILATION_MODE = wholemodule;
			};
			name = Release;
		};
		586590D82AFD2E2D0037D1FE /* Debug */ = {
			isa = XCBuildConfiguration;
			buildSettings = {
				ASSETCATALOG_COMPILER_APPICON_NAME = AppIcon;
				ASSETCATALOG_COMPILER_GLOBAL_ACCENT_COLOR_NAME = AccentColor;
				CODE_SIGN_ENTITLEMENTS = UXLLM/Ressources/UXLLM.entitlements;
				CODE_SIGN_STYLE = Automatic;
				COMBINE_HIDPI_IMAGES = YES;
				CURRENT_PROJECT_VERSION = 1;
				DEVELOPMENT_ASSET_PATHS = "\"UXLLM/Preview Content\"";
				DEVELOPMENT_TEAM = 7RKKG423GF;
				ENABLE_PREVIEWS = YES;
				GENERATE_INFOPLIST_FILE = YES;
				INFOPLIST_KEY_NSHumanReadableCopyright = "";
				LD_RUNPATH_SEARCH_PATHS = (
					"$(inherited)",
					"@executable_path/../Frameworks",
				);
				MARKETING_VERSION = 1.0;
				PRODUCT_BUNDLE_IDENTIFIER = MW.UXLLM;
				PRODUCT_NAME = "$(TARGET_NAME)";
				SWIFT_EMIT_LOC_STRINGS = YES;
				SWIFT_VERSION = 5.0;
			};
			name = Debug;
		};
		586590D92AFD2E2D0037D1FE /* Release */ = {
			isa = XCBuildConfiguration;
			buildSettings = {
				ASSETCATALOG_COMPILER_APPICON_NAME = AppIcon;
				ASSETCATALOG_COMPILER_GLOBAL_ACCENT_COLOR_NAME = AccentColor;
				CODE_SIGN_ENTITLEMENTS = UXLLM/Ressources/UXLLM.entitlements;
				CODE_SIGN_STYLE = Automatic;
				COMBINE_HIDPI_IMAGES = YES;
				CURRENT_PROJECT_VERSION = 1;
				DEVELOPMENT_ASSET_PATHS = "\"UXLLM/Preview Content\"";
				DEVELOPMENT_TEAM = 7RKKG423GF;
				ENABLE_PREVIEWS = YES;
				GENERATE_INFOPLIST_FILE = YES;
				INFOPLIST_KEY_NSHumanReadableCopyright = "";
				LD_RUNPATH_SEARCH_PATHS = (
					"$(inherited)",
					"@executable_path/../Frameworks",
				);
				MARKETING_VERSION = 1.0;
				PRODUCT_BUNDLE_IDENTIFIER = MW.UXLLM;
				PRODUCT_NAME = "$(TARGET_NAME)";
				SWIFT_EMIT_LOC_STRINGS = YES;
				SWIFT_VERSION = 5.0;
			};
			name = Release;
		};
/* End XCBuildConfiguration section */

/* Begin XCConfigurationList section */
		586590C32AFD2E2C0037D1FE /* Build configuration list for PBXProject "UXLLM" */ = {
			isa = XCConfigurationList;
			buildConfigurations = (
				586590D52AFD2E2D0037D1FE /* Debug */,
				586590D62AFD2E2D0037D1FE /* Release */,
			);
			defaultConfigurationIsVisible = 0;
			defaultConfigurationName = Release;
		};
		586590D72AFD2E2D0037D1FE /* Build configuration list for PBXNativeTarget "UXLLM" */ = {
			isa = XCConfigurationList;
			buildConfigurations = (
				586590D82AFD2E2D0037D1FE /* Debug */,
				586590D92AFD2E2D0037D1FE /* Release */,
			);
			defaultConfigurationIsVisible = 0;
			defaultConfigurationName = Release;
		};
/* End XCConfigurationList section */
	};
	rootObject = 586590C02AFD2E2C0037D1FE /* Project object */;
}
